
Microsoft Visual Studio Solution File, Format Version 12.00
Project("{FAE04EC0-301F-11D3-BF4B-00C04F79EFBC}") = "Megumi", "Megumi\Megumi.csproj", "{1739060E-A039-4A59-B35B-FAD98C497633}"
EndProject
Project("{FAE04EC0-301F-11D3-BF4B-00C04F79EFBC}") = "Megumi.Core", "Megumi.Core\Megumi.Core.csproj", "{5E59FEBC-F29B-41A0-9FDC-0F18A543DD59}"
EndProject
Project("{FAE04EC0-301F-11D3-BF4B-00C04F79EFBC}") = "Megumi.Provider.FileSystem", "Megumi.Provider.FileSystem\Megumi.Provider.FileSystem.csproj", "{9B763CBA-7C3E-45B6-8478-EECEE89898F2}"
EndProject
Global
	GlobalSection(SolutionConfigurationPlatforms) = preSolution
		Debug|Any CPU = Debug|Any CPU
		Release|Any CPU = Release|Any CPU
	EndGlobalSection
	GlobalSection(ProjectConfigurationPlatforms) = postSolution
		{1739060E-A039-4A59-B35B-FAD98C497633}.Debug|Any CPU.ActiveCfg = Debug|Any CPU
		{1739060E-A039-4A59-B35B-FAD98C497633}.Debug|Any CPU.Build.0 = Debug|Any CPU
		{1739060E-A039-4A59-B35B-FAD98C497633}.Release|Any CPU.ActiveCfg = Release|Any CPU
		{1739060E-A039-4A59-B35B-FAD98C497633}.Release|Any CPU.Build.0 = Release|Any CPU
		{5E59FEBC-F29B-41A0-9FDC-0F18A543DD59}.Debug|Any CPU.ActiveCfg = Debug|Any CPU
		{5E59FEBC-F29B-41A0-9FDC-0F18A543DD59}.Debug|Any CPU.Build.0 = Debug|Any CPU
		{5E59FEBC-F29B-41A0-9FDC-0F18A543DD59}.Release|Any CPU.ActiveCfg = Release|Any CPU
		{5E59FEBC-F29B-41A0-9FDC-0F18A543DD59}.Release|Any CPU.Build.0 = Release|Any CPU
		{9B763CBA-7C3E-45B6-8478-EECEE89898F2}.Debug|Any CPU.ActiveCfg = Debug|Any CPU
		{9B763CBA-7C3E-45B6-8478-EECEE89898F2}.Debug|Any CPU.Build.0 = Debug|Any CPU
		{9B763CBA-7C3E-45B6-8478-EECEE89898F2}.Release|Any CPU.ActiveCfg = Release|Any CPU
		{9B763CBA-7C3E-45B6-8478-EECEE89898F2}.Release|Any CPU.Build.0 = Release|Any CPU
	EndGlobalSection
EndGlobal
